
Microsoft Visual Studio Solution File, Format Version 12.00
# Visual Studio Version 16
VisualStudioVersion = 16.0.30225.117
MinimumVisualStudioVersion = 10.0.40219.1
Project("{8BC9CEB8-8B4A-11D0-8D11-00A0C91BC942}") = "Task 2", "Task 2\Task 2.vcxproj", "{77E0281D-5991-41F9-B259-33372677B096}"
EndProject
Global
	GlobalSection(SolutionConfigurationPlatforms) = preSolution
		Debug|x64 = Debug|x64
		Debug|x86 = Debug|x86
		Release|x64 = Release|x64
		Release|x86 = Release|x86
	EndGlobalSection
	GlobalSection(ProjectConfigurationPlatforms) = postSolution
		{77E0281D-5991-41F9-B259-33372677B096}.Debug|x64.ActiveCfg = Debug|x64
		{77E0281D-5991-41F9-B259-33372677B096}.Debug|x64.Build.0 = Debug|x64
		{77E0281D-5991-41F9-B259-33372677B096}.Debug|x86.ActiveCfg = Debug|Win32
		{77E0281D-5991-41F9-B259-33372677B096}.Debug|x86.Build.0 = Debug|Win32
		{77E0281D-5991-41F9-B259-33372677B096}.Release|x64.ActiveCfg = Release|x64
		{77E0281D-5991-41F9-B259-33372677B096}.Release|x64.Build.0 = Release|x64
		{77E0281D-5991-41F9-B259-33372677B096}.Release|x86.ActiveCfg = Release|Win32
		{77E0281D-5991-41F9-B259-33372677B096}.Release|x86.Build.0 = Release|Win32
	EndGlobalSection
	GlobalSection(SolutionProperties) = preSolution
		HideSolutionNode = FALSE
	EndGlobalSection
	GlobalSection(ExtensibilityGlobals) = postSolution
		SolutionGuid = {31D25A8E-D824-4E40-AE7D-167D41CD5295}
	EndGlobalSection
EndGlobal
